
Microsoft Visual Studio Solution File, Format Version 12.00
# Visual Studio Version 17
VisualStudioVersion = 17.9.34622.214
MinimumVisualStudioVersion = 10.0.40219.1
Project("{8BC9CEB8-8B4A-11D0-8D11-00A0C91BC942}") = "SplitLockDrv", "SplitLockDrv\SplitLockDrv.vcxproj", "{725BA1A8-6030-4C16-AF25-F890E5CC0D61}"
EndProject
Project("{8BC9CEB8-8B4A-11D0-8D11-00A0C91BC942}") = "SplitLockApp", "SplitLockApp\SplitLockApp.vcxproj", "{91FDF06B-9EC4-4901-B2C3-524E9F516AAF}"
EndProject
Global
	GlobalSection(SolutionConfigurationPlatforms) = preSolution
		Debug|ARM64 = Debug|ARM64
		Debug|x64 = Debug|x64
		Debug|x86 = Debug|x86
		Release|ARM64 = Release|ARM64
		Release|x64 = Release|x64
		Release|x86 = Release|x86
	EndGlobalSection
	GlobalSection(ProjectConfigurationPlatforms) = postSolution
		{725BA1A8-6030-4C16-AF25-F890E5CC0D61}.Debug|ARM64.ActiveCfg = Debug|ARM64
		{725BA1A8-6030-4C16-AF25-F890E5CC0D61}.Debug|ARM64.Build.0 = Debug|ARM64
		{725BA1A8-6030-4C16-AF25-F890E5CC0D61}.Debug|ARM64.Deploy.0 = Debug|ARM64
		{725BA1A8-6030-4C16-AF25-F890E5CC0D61}.Debug|x64.ActiveCfg = Debug|x64
		{725BA1A8-6030-4C16-AF25-F890E5CC0D61}.Debug|x64.Build.0 = Debug|x64
		{725BA1A8-6030-4C16-AF25-F890E5CC0D61}.Debug|x64.Deploy.0 = Debug|x64
		{725BA1A8-6030-4C16-AF25-F890E5CC0D61}.Debug|x86.ActiveCfg = Debug|Win32
		{725BA1A8-6030-4C16-AF25-F890E5CC0D61}.Debug|x86.Build.0 = Debug|Win32
		{725BA1A8-6030-4C16-AF25-F890E5CC0D61}.Debug|x86.Deploy.0 = Debug|Win32
		{725BA1A8-6030-4C16-AF25-F890E5CC0D61}.Release|ARM64.ActiveCfg = Release|ARM64
		{725BA1A8-6030-4C16-AF25-F890E5CC0D61}.Release|ARM64.Build.0 = Release|ARM64
		{725BA1A8-6030-4C16-AF25-F890E5CC0D61}.Release|ARM64.Deploy.0 = Release|ARM64
		{725BA1A8-6030-4C16-AF25-F890E5CC0D61}.Release|x64.ActiveCfg = Release|x64
		{725BA1A8-6030-4C16-AF25-F890E5CC0D61}.Release|x64.Build.0 = Release|x64
		{725BA1A8-6030-4C16-AF25-F890E5CC0D61}.Release|x64.Deploy.0 = Release|x64
		{725BA1A8-6030-4C16-AF25-F890E5CC0D61}.Release|x86.ActiveCfg = Release|x64
		{725BA1A8-6030-4C16-AF25-F890E5CC0D61}.Release|x86.Build.0 = Release|x64
		{725BA1A8-6030-4C16-AF25-F890E5CC0D61}.Release|x86.Deploy.0 = Release|x64
		{91FDF06B-9EC4-4901-B2C3-524E9F516AAF}.Debug|ARM64.ActiveCfg = Debug|x64
		{91FDF06B-9EC4-4901-B2C3-524E9F516AAF}.Debug|ARM64.Build.0 = Debug|x64
		{91FDF06B-9EC4-4901-B2C3-524E9F516AAF}.Debug|x64.ActiveCfg = Debug|x64
		{91FDF06B-9EC4-4901-B2C3-524E9F516AAF}.Debug|x64.Build.0 = Debug|x64
		{91FDF06B-9EC4-4901-B2C3-524E9F516AAF}.Debug|x86.ActiveCfg = Debug|Win32
		{91FDF06B-9EC4-4901-B2C3-524E9F516AAF}.Debug|x86.Build.0 = Debug|Win32
		{91FDF06B-9EC4-4901-B2C3-524E9F516AAF}.Release|ARM64.ActiveCfg = Release|x64
		{91FDF06B-9EC4-4901-B2C3-524E9F516AAF}.Release|ARM64.Build.0 = Release|x64
		{91FDF06B-9EC4-4901-B2C3-524E9F516AAF}.Release|x64.ActiveCfg = Release|x64
		{91FDF06B-9EC4-4901-B2C3-524E9F516AAF}.Release|x64.Build.0 = Release|x64
		{91FDF06B-9EC4-4901-B2C3-524E9F516AAF}.Release|x86.ActiveCfg = Release|Win32
		{91FDF06B-9EC4-4901-B2C3-524E9F516AAF}.Release|x86.Build.0 = Release|Win32
	EndGlobalSection
	GlobalSection(SolutionProperties) = preSolution
		HideSolutionNode = FALSE
	EndGlobalSection
	GlobalSection(ExtensibilityGlobals) = postSolution
		SolutionGuid = {34EE2B83-E1CF-4938-8AC7-7C7B5FAF9531}
	EndGlobalSection
EndGlobal
